
Microsoft Visual Studio Solution File, Format Version 12.00
# Visual Studio Version 16
VisualStudioVersion = 16.0.30804.86
MinimumVisualStudioVersion = 10.0.40219.1
Project("{E24C65DC-7377-472B-9ABA-BC803B73C61A}") = "HABSHAN  PIPING", ".", "{D9EFD773-21A6-4A39-9290-D1939224D553}"
	ProjectSection(WebsiteProperties) = preProject
		TargetFrameworkMoniker = ".NETFramework,Version%3Dv4.7.2"
		Debug.AspNetCompiler.VirtualPath = "/localhost_11133"
		Debug.AspNetCompiler.PhysicalPath = "..\HABSHAN  PIPING\"
		Debug.AspNetCompiler.TargetPath = "PrecompiledWeb\localhost_11133\"
		Debug.AspNetCompiler.Updateable = "true"
		Debug.AspNetCompiler.ForceOverwrite = "true"
		Debug.AspNetCompiler.FixedNames = "false"
		Debug.AspNetCompiler.Debug = "True"
		Release.AspNetCompiler.VirtualPath = "/localhost_11133"
		Release.AspNetCompiler.PhysicalPath = "..\HABSHAN  PIPING\"
		Release.AspNetCompiler.TargetPath = "PrecompiledWeb\localhost_11133\"
		Release.AspNetCompiler.Updateable = "true"
		Release.AspNetCompiler.ForceOverwrite = "true"
		Release.AspNetCompiler.FixedNames = "false"
		Release.AspNetCompiler.Debug = "False"
		VWDPort = "11133"
	EndProjectSection
EndProject
Global
	GlobalSection(SolutionConfigurationPlatforms) = preSolution
		Debug|Any CPU = Debug|Any CPU
	EndGlobalSection
	GlobalSection(ProjectConfigurationPlatforms) = postSolution
		{D9EFD773-21A6-4A39-9290-D1939224D553}.Debug|Any CPU.ActiveCfg = Debug|Any CPU
		{D9EFD773-21A6-4A39-9290-D1939224D553}.Debug|Any CPU.Build.0 = Debug|Any CPU
	EndGlobalSection
	GlobalSection(SolutionProperties) = preSolution
		HideSolutionNode = FALSE
	EndGlobalSection
	GlobalSection(ExtensibilityGlobals) = postSolution
		SolutionGuid = {82258DFE-9D44-4CE3-AE9B-D26F378D4700}
	EndGlobalSection
EndGlobal
